
Microsoft Visual Studio Solution File, Format Version 12.00
# Visual Studio Version 17
VisualStudioVersion = 17.0.31903.59
MinimumVisualStudioVersion = 10.0.40219.1
Project("{2150E333-8FDC-42A3-9474-1A3956D46DE8}") = "src", "src", "{827E0CD3-B72D-47B6-A68D-7590B98EB39B}"
EndProject
Project("{FAE04EC0-301F-11D3-BF4B-00C04F79EFBC}") = "JoakimHomeDashboard.Domain", "src\JoakimHomeDashboard.Domain\JoakimHomeDashboard.Domain.csproj", "{0D22CA63-7181-4034-BEF0-208DB035652F}"
EndProject
Project("{FAE04EC0-301F-11D3-BF4B-00C04F79EFBC}") = "JoakimHomeDashboard.Application", "src\JoakimHomeDashboard.Application\JoakimHomeDashboard.Application.csproj", "{946D4A04-E3E0-4E97-8853-3C59D6F59536}"
EndProject
Project("{FAE04EC0-301F-11D3-BF4B-00C04F79EFBC}") = "JoakimHomeDashboard.Infrastructure", "src\JoakimHomeDashboard.Infrastructure\JoakimHomeDashboard.Infrastructure.csproj", "{43FF15E9-AEFA-4F1B-AF4D-C5E9A3F56FC5}"
EndProject
Project("{FAE04EC0-301F-11D3-BF4B-00C04F79EFBC}") = "JoakimHomeDashboard.Tests", "tests\JoakimHomeDashboard.Tests\JoakimHomeDashboard.Tests.csproj", "{C39D9D0A-E79D-4325-8084-6D557294B7E5}"
EndProject
Project("{FAE04EC0-301F-11D3-BF4B-00C04F79EFBC}") = "JoakimHomeDashboard.Web", "src\JoakimHomeDashboard.Web\JoakimHomeDashboard.Web.csproj", "{0E5AAF52-21A5-4404-8912-97095D6C1156}"
EndProject
Global
	GlobalSection(SolutionConfigurationPlatforms) = preSolution
		Debug|Any CPU = Debug|Any CPU
		Debug|x64 = Debug|x64
		Debug|x86 = Debug|x86
		Release|Any CPU = Release|Any CPU
		Release|x64 = Release|x64
		Release|x86 = Release|x86
	EndGlobalSection
	GlobalSection(ProjectConfigurationPlatforms) = postSolution
		{0D22CA63-7181-4034-BEF0-208DB035652F}.Debug|Any CPU.ActiveCfg = Debug|Any CPU
		{0D22CA63-7181-4034-BEF0-208DB035652F}.Debug|Any CPU.Build.0 = Debug|Any CPU
		{0D22CA63-7181-4034-BEF0-208DB035652F}.Debug|x64.ActiveCfg = Debug|Any CPU
		{0D22CA63-7181-4034-BEF0-208DB035652F}.Debug|x64.Build.0 = Debug|Any CPU
		{0D22CA63-7181-4034-BEF0-208DB035652F}.Debug|x86.ActiveCfg = Debug|Any CPU
		{0D22CA63-7181-4034-BEF0-208DB035652F}.Debug|x86.Build.0 = Debug|Any CPU
		{0D22CA63-7181-4034-BEF0-208DB035652F}.Release|Any CPU.ActiveCfg = Release|Any CPU
		{0D22CA63-7181-4034-BEF0-208DB035652F}.Release|Any CPU.Build.0 = Release|Any CPU
		{0D22CA63-7181-4034-BEF0-208DB035652F}.Release|x64.ActiveCfg = Release|Any CPU
		{0D22CA63-7181-4034-BEF0-208DB035652F}.Release|x64.Build.0 = Release|Any CPU
		{0D22CA63-7181-4034-BEF0-208DB035652F}.Release|x86.ActiveCfg = Release|Any CPU
		{0D22CA63-7181-4034-BEF0-208DB035652F}.Release|x86.Build.0 = Release|Any CPU
		{946D4A04-E3E0-4E97-8853-3C59D6F59536}.Debug|Any CPU.ActiveCfg = Debug|Any CPU
		{946D4A04-E3E0-4E97-8853-3C59D6F59536}.Debug|Any CPU.Build.0 = Debug|Any CPU
		{946D4A04-E3E0-4E97-8853-3C59D6F59536}.Debug|x64.ActiveCfg = Debug|Any CPU
		{946D4A04-E3E0-4E97-8853-3C59D6F59536}.Debug|x64.Build.0 = Debug|Any CPU
		{946D4A04-E3E0-4E97-8853-3C59D6F59536}.Debug|x86.ActiveCfg = Debug|Any CPU
		{946D4A04-E3E0-4E97-8853-3C59D6F59536}.Debug|x86.Build.0 = Debug|Any CPU
		{946D4A04-E3E0-4E97-8853-3C59D6F59536}.Release|Any CPU.ActiveCfg = Release|Any CPU
		{946D4A04-E3E0-4E97-8853-3C59D6F59536}.Release|Any CPU.Build.0 = Release|Any CPU
		{946D4A04-E3E0-4E97-8853-3C59D6F59536}.Release|x64.ActiveCfg = Release|Any CPU
		{946D4A04-E3E0-4E97-8853-3C59D6F59536}.Release|x64.Build.0 = Release|Any CPU
		{946D4A04-E3E0-4E97-8853-3C59D6F59536}.Release|x86.ActiveCfg = Release|Any CPU
		{946D4A04-E3E0-4E97-8853-3C59D6F59536}.Release|x86.Build.0 = Release|Any CPU
		{43FF15E9-AEFA-4F1B-AF4D-C5E9A3F56FC5}.Debug|Any CPU.ActiveCfg = Debug|Any CPU
		{43FF15E9-AEFA-4F1B-AF4D-C5E9A3F56FC5}.Debug|Any CPU.Build.0 = Debug|Any CPU
		{43FF15E9-AEFA-4F1B-AF4D-C5E9A3F56FC5}.Debug|x64.ActiveCfg = Debug|Any CPU
		{43FF15E9-AEFA-4F1B-AF4D-C5E9A3F56FC5}.Debug|x64.Build.0 = Debug|Any CPU
		{43FF15E9-AEFA-4F1B-AF4D-C5E9A3F56FC5}.Debug|x86.ActiveCfg = Debug|Any CPU
		{43FF15E9-AEFA-4F1B-AF4D-C5E9A3F56FC5}.Debug|x86.Build.0 = Debug|Any CPU
		{43FF15E9-AEFA-4F1B-AF4D-C5E9A3F56FC5}.Release|Any CPU.ActiveCfg = Release|Any CPU
		{43FF15E9-AEFA-4F1B-AF4D-C5E9A3F56FC5}.Release|Any CPU.Build.0 = Release|Any CPU
		{43FF15E9-AEFA-4F1B-AF4D-C5E9A3F56FC5}.Release|x64.ActiveCfg = Release|Any CPU
		{43FF15E9-AEFA-4F1B-AF4D-C5E9A3F56FC5}.Release|x64.Build.0 = Release|Any CPU
		{43FF15E9-AEFA-4F1B-AF4D-C5E9A3F56FC5}.Release|x86.ActiveCfg = Release|Any CPU
		{43FF15E9-AEFA-4F1B-AF4D-C5E9A3F56FC5}.Release|x86.Build.0 = Release|Any CPU
		{C39D9D0A-E79D-4325-8084-6D557294B7E5}.Debug|Any CPU.ActiveCfg = Debug|Any CPU
		{C39D9D0A-E79D-4325-8084-6D557294B7E5}.Debug|Any CPU.Build.0 = Debug|Any CPU
		{C39D9D0A-E79D-4325-8084-6D557294B7E5}.Debug|x64.ActiveCfg = Debug|Any CPU
		{C39D9D0A-E79D-4325-8084-6D557294B7E5}.Debug|x64.Build.0 = Debug|Any CPU
		{C39D9D0A-E79D-4325-8084-6D557294B7E5}.Debug|x86.ActiveCfg = Debug|Any CPU
		{C39D9D0A-E79D-4325-8084-6D557294B7E5}.Debug|x86.Build.0 = Debug|Any CPU
		{C39D9D0A-E79D-4325-8084-6D557294B7E5}.Release|Any CPU.ActiveCfg = Release|Any CPU
		{C39D9D0A-E79D-4325-8084-6D557294B7E5}.Release|Any CPU.Build.0 = Release|Any CPU
		{C39D9D0A-E79D-4325-8084-6D557294B7E5}.Release|x64.ActiveCfg = Release|Any CPU
		{C39D9D0A-E79D-4325-8084-6D557294B7E5}.Release|x64.Build.0 = Release|Any CPU
		{C39D9D0A-E79D-4325-8084-6D557294B7E5}.Release|x86.ActiveCfg = Release|Any CPU
		{C39D9D0A-E79D-4325-8084-6D557294B7E5}.Release|x86.Build.0 = Release|Any CPU
		{0E5AAF52-21A5-4404-8912-97095D6C1156}.Debug|Any CPU.ActiveCfg = Debug|Any CPU
		{0E5AAF52-21A5-4404-8912-97095D6C1156}.Debug|Any CPU.Build.0 = Debug|Any CPU
		{0E5AAF52-21A5-4404-8912-97095D6C1156}.Debug|x64.ActiveCfg = Debug|Any CPU
		{0E5AAF52-21A5-4404-8912-97095D6C1156}.Debug|x64.Build.0 = Debug|Any CPU
		{0E5AAF52-21A5-4404-8912-97095D6C1156}.Debug|x86.ActiveCfg = Debug|Any CPU
		{0E5AAF52-21A5-4404-8912-97095D6C1156}.Debug|x86.Build.0 = Debug|Any CPU
		{0E5AAF52-21A5-4404-8912-97095D6C1156}.Release|Any CPU.ActiveCfg = Release|Any CPU
		{0E5AAF52-21A5-4404-8912-97095D6C1156}.Release|Any CPU.Build.0 = Release|Any CPU
		{0E5AAF52-21A5-4404-8912-97095D6C1156}.Release|x64.ActiveCfg = Release|Any CPU
		{0E5AAF52-21A5-4404-8912-97095D6C1156}.Release|x64.Build.0 = Release|Any CPU
		{0E5AAF52-21A5-4404-8912-97095D6C1156}.Release|x86.ActiveCfg = Release|Any CPU
		{0E5AAF52-21A5-4404-8912-97095D6C1156}.Release|x86.Build.0 = Release|Any CPU
	EndGlobalSection
	GlobalSection(SolutionProperties) = preSolution
		HideSolutionNode = FALSE
	EndGlobalSection
	GlobalSection(NestedProjects) = preSolution
		{0D22CA63-7181-4034-BEF0-208DB035652F} = {827E0CD3-B72D-47B6-A68D-7590B98EB39B}
		{946D4A04-E3E0-4E97-8853-3C59D6F59536} = {827E0CD3-B72D-47B6-A68D-7590B98EB39B}
		{43FF15E9-AEFA-4F1B-AF4D-C5E9A3F56FC5} = {827E0CD3-B72D-47B6-A68D-7590B98EB39B}
		{C39D9D0A-E79D-4325-8084-6D557294B7E5} = {827E0CD3-B72D-47B6-A68D-7590B98EB39B}
		{0E5AAF52-21A5-4404-8912-97095D6C1156} = {827E0CD3-B72D-47B6-A68D-7590B98EB39B}
	EndGlobalSection
EndGlobal
