
Microsoft Visual Studio Solution File, Format Version 12.00
# Visual Studio Version 17
VisualStudioVersion = 17.0.31903.59
MinimumVisualStudioVersion = 10.0.40219.1
Project("{2150E333-8FDC-42A3-9474-1A3956D46DE8}") = "src", "src", "{827E0CD3-B72D-47B6-A68D-7590B98EB39B}"
EndProject
Project("{FAE04EC0-301F-11D3-BF4B-00C04F79EFBC}") = "JoakimHomeDashboard.Domain", "src\JoakimHomeDashboard.Domain\JoakimHomeDashboard.Domain.csproj", "{50020D15-0F65-488C-93DD-49DC057A95D2}"
EndProject
Project("{FAE04EC0-301F-11D3-BF4B-00C04F79EFBC}") = "JoakimHomeDashboard.Application", "src\JoakimHomeDashboard.Application\JoakimHomeDashboard.Application.csproj", "{6E5E44D3-3EB5-49F1-AF78-7D5B3A3A04DC}"
EndProject
Project("{FAE04EC0-301F-11D3-BF4B-00C04F79EFBC}") = "JoakimHomeDashboard.Infrastructure", "src\JoakimHomeDashboard.Infrastructure\JoakimHomeDashboard.Infrastructure.csproj", "{25769CE3-31CF-4184-BC05-94608ED8780B}"
EndProject
Project("{FAE04EC0-301F-11D3-BF4B-00C04F79EFBC}") = "JoakimHomeDashboard.Web", "src\JoakimHomeDashboard.Web\JoakimHomeDashboard.Web.csproj", "{F5BCC945-ABB7-45EC-92DE-2994FB48AE6A}"
EndProject
Project("{FAE04EC0-301F-11D3-BF4B-00C04F79EFBC}") = "JoakimHomeDashboard.Tests", "tests\JoakimHomeDashboard.Tests\JoakimHomeDashboard.Tests.csproj", "{4624ADED-7AC9-4211-8A0A-06A0B627566E}"
EndProject
Global
	GlobalSection(SolutionConfigurationPlatforms) = preSolution
		Debug|Any CPU = Debug|Any CPU
		Debug|x64 = Debug|x64
		Debug|x86 = Debug|x86
		Release|Any CPU = Release|Any CPU
		Release|x64 = Release|x64
		Release|x86 = Release|x86
	EndGlobalSection
	GlobalSection(ProjectConfigurationPlatforms) = postSolution
		{50020D15-0F65-488C-93DD-49DC057A95D2}.Debug|Any CPU.ActiveCfg = Debug|Any CPU
		{50020D15-0F65-488C-93DD-49DC057A95D2}.Debug|Any CPU.Build.0 = Debug|Any CPU
		{50020D15-0F65-488C-93DD-49DC057A95D2}.Debug|x64.ActiveCfg = Debug|Any CPU
		{50020D15-0F65-488C-93DD-49DC057A95D2}.Debug|x64.Build.0 = Debug|Any CPU
		{50020D15-0F65-488C-93DD-49DC057A95D2}.Debug|x86.ActiveCfg = Debug|Any CPU
		{50020D15-0F65-488C-93DD-49DC057A95D2}.Debug|x86.Build.0 = Debug|Any CPU
		{50020D15-0F65-488C-93DD-49DC057A95D2}.Release|Any CPU.ActiveCfg = Release|Any CPU
		{50020D15-0F65-488C-93DD-49DC057A95D2}.Release|Any CPU.Build.0 = Release|Any CPU
		{50020D15-0F65-488C-93DD-49DC057A95D2}.Release|x64.ActiveCfg = Release|Any CPU
		{50020D15-0F65-488C-93DD-49DC057A95D2}.Release|x64.Build.0 = Release|Any CPU
		{50020D15-0F65-488C-93DD-49DC057A95D2}.Release|x86.ActiveCfg = Release|Any CPU
		{50020D15-0F65-488C-93DD-49DC057A95D2}.Release|x86.Build.0 = Release|Any CPU
		{6E5E44D3-3EB5-49F1-AF78-7D5B3A3A04DC}.Debug|Any CPU.ActiveCfg = Debug|Any CPU
		{6E5E44D3-3EB5-49F1-AF78-7D5B3A3A04DC}.Debug|Any CPU.Build.0 = Debug|Any CPU
		{6E5E44D3-3EB5-49F1-AF78-7D5B3A3A04DC}.Debug|x64.ActiveCfg = Debug|Any CPU
		{6E5E44D3-3EB5-49F1-AF78-7D5B3A3A04DC}.Debug|x64.Build.0 = Debug|Any CPU
		{6E5E44D3-3EB5-49F1-AF78-7D5B3A3A04DC}.Debug|x86.ActiveCfg = Debug|Any CPU
		{6E5E44D3-3EB5-49F1-AF78-7D5B3A3A04DC}.Debug|x86.Build.0 = Debug|Any CPU
		{6E5E44D3-3EB5-49F1-AF78-7D5B3A3A04DC}.Release|Any CPU.ActiveCfg = Release|Any CPU
		{6E5E44D3-3EB5-49F1-AF78-7D5B3A3A04DC}.Release|Any CPU.Build.0 = Release|Any CPU
		{6E5E44D3-3EB5-49F1-AF78-7D5B3A3A04DC}.Release|x64.ActiveCfg = Release|Any CPU
		{6E5E44D3-3EB5-49F1-AF78-7D5B3A3A04DC}.Release|x64.Build.0 = Release|Any CPU
		{6E5E44D3-3EB5-49F1-AF78-7D5B3A3A04DC}.Release|x86.ActiveCfg = Release|Any CPU
		{6E5E44D3-3EB5-49F1-AF78-7D5B3A3A04DC}.Release|x86.Build.0 = Release|Any CPU
		{25769CE3-31CF-4184-BC05-94608ED8780B}.Debug|Any CPU.ActiveCfg = Debug|Any CPU
		{25769CE3-31CF-4184-BC05-94608ED8780B}.Debug|Any CPU.Build.0 = Debug|Any CPU
		{25769CE3-31CF-4184-BC05-94608ED8780B}.Debug|x64.ActiveCfg = Debug|Any CPU
		{25769CE3-31CF-4184-BC05-94608ED8780B}.Debug|x64.Build.0 = Debug|Any CPU
		{25769CE3-31CF-4184-BC05-94608ED8780B}.Debug|x86.ActiveCfg = Debug|Any CPU
		{25769CE3-31CF-4184-BC05-94608ED8780B}.Debug|x86.Build.0 = Debug|Any CPU
		{25769CE3-31CF-4184-BC05-94608ED8780B}.Release|Any CPU.ActiveCfg = Release|Any CPU
		{25769CE3-31CF-4184-BC05-94608ED8780B}.Release|Any CPU.Build.0 = Release|Any CPU
		{25769CE3-31CF-4184-BC05-94608ED8780B}.Release|x64.ActiveCfg = Release|Any CPU
		{25769CE3-31CF-4184-BC05-94608ED8780B}.Release|x64.Build.0 = Release|Any CPU
		{25769CE3-31CF-4184-BC05-94608ED8780B}.Release|x86.ActiveCfg = Release|Any CPU
		{25769CE3-31CF-4184-BC05-94608ED8780B}.Release|x86.Build.0 = Release|Any CPU
		{F5BCC945-ABB7-45EC-92DE-2994FB48AE6A}.Debug|Any CPU.ActiveCfg = Debug|Any CPU
		{F5BCC945-ABB7-45EC-92DE-2994FB48AE6A}.Debug|Any CPU.Build.0 = Debug|Any CPU
		{F5BCC945-ABB7-45EC-92DE-2994FB48AE6A}.Debug|x64.ActiveCfg = Debug|Any CPU
		{F5BCC945-ABB7-45EC-92DE-2994FB48AE6A}.Debug|x64.Build.0 = Debug|Any CPU
		{F5BCC945-ABB7-45EC-92DE-2994FB48AE6A}.Debug|x86.ActiveCfg = Debug|Any CPU
		{F5BCC945-ABB7-45EC-92DE-2994FB48AE6A}.Debug|x86.Build.0 = Debug|Any CPU
		{F5BCC945-ABB7-45EC-92DE-2994FB48AE6A}.Release|Any CPU.ActiveCfg = Release|Any CPU
		{F5BCC945-ABB7-45EC-92DE-2994FB48AE6A}.Release|Any CPU.Build.0 = Release|Any CPU
		{F5BCC945-ABB7-45EC-92DE-2994FB48AE6A}.Release|x64.ActiveCfg = Release|Any CPU
		{F5BCC945-ABB7-45EC-92DE-2994FB48AE6A}.Release|x64.Build.0 = Release|Any CPU
		{F5BCC945-ABB7-45EC-92DE-2994FB48AE6A}.Release|x86.ActiveCfg = Release|Any CPU
		{F5BCC945-ABB7-45EC-92DE-2994FB48AE6A}.Release|x86.Build.0 = Release|Any CPU
		{4624ADED-7AC9-4211-8A0A-06A0B627566E}.Debug|Any CPU.ActiveCfg = Debug|Any CPU
		{4624ADED-7AC9-4211-8A0A-06A0B627566E}.Debug|Any CPU.Build.0 = Debug|Any CPU
		{4624ADED-7AC9-4211-8A0A-06A0B627566E}.Debug|x64.ActiveCfg = Debug|Any CPU
		{4624ADED-7AC9-4211-8A0A-06A0B627566E}.Debug|x64.Build.0 = Debug|Any CPU
		{4624ADED-7AC9-4211-8A0A-06A0B627566E}.Debug|x86.ActiveCfg = Debug|Any CPU
		{4624ADED-7AC9-4211-8A0A-06A0B627566E}.Debug|x86.Build.0 = Debug|Any CPU
		{4624ADED-7AC9-4211-8A0A-06A0B627566E}.Release|Any CPU.ActiveCfg = Release|Any CPU
		{4624ADED-7AC9-4211-8A0A-06A0B627566E}.Release|Any CPU.Build.0 = Release|Any CPU
		{4624ADED-7AC9-4211-8A0A-06A0B627566E}.Release|x64.ActiveCfg = Release|Any CPU
		{4624ADED-7AC9-4211-8A0A-06A0B627566E}.Release|x64.Build.0 = Release|Any CPU
		{4624ADED-7AC9-4211-8A0A-06A0B627566E}.Release|x86.ActiveCfg = Release|Any CPU
		{4624ADED-7AC9-4211-8A0A-06A0B627566E}.Release|x86.Build.0 = Release|Any CPU
	EndGlobalSection
	GlobalSection(SolutionProperties) = preSolution
		HideSolutionNode = FALSE
	EndGlobalSection
	GlobalSection(NestedProjects) = preSolution
		{50020D15-0F65-488C-93DD-49DC057A95D2} = {827E0CD3-B72D-47B6-A68D-7590B98EB39B}
		{6E5E44D3-3EB5-49F1-AF78-7D5B3A3A04DC} = {827E0CD3-B72D-47B6-A68D-7590B98EB39B}
		{25769CE3-31CF-4184-BC05-94608ED8780B} = {827E0CD3-B72D-47B6-A68D-7590B98EB39B}
		{F5BCC945-ABB7-45EC-92DE-2994FB48AE6A} = {827E0CD3-B72D-47B6-A68D-7590B98EB39B}
		{4624ADED-7AC9-4211-8A0A-06A0B627566E} = {827E0CD3-B72D-47B6-A68D-7590B98EB39B}
	EndGlobalSection
EndGlobal
